
Microsoft Visual Studio Solution File, Format Version 12.00
# Visual Studio Version 17
VisualStudioVersion = 17.1.32414.318
MinimumVisualStudioVersion = 10.0.40219.1
Project("{FAE04EC0-301F-11D3-BF4B-00C04F79EFBC}") = "ToxicForest", "ToxicForest.csproj", "{09273213-5764-4188-8D67-B08BC2730996}"
EndProject
Global
	GlobalSection(SolutionConfigurationPlatforms) = preSolution
		Debug|Any CPU = Debug|Any CPU
		Release|Any CPU = Release|Any CPU
	EndGlobalSection
	GlobalSection(ProjectConfigurationPlatforms) = postSolution
		{09273213-5764-4188-8D67-B08BC2730996}.Debug|Any CPU.ActiveCfg = Debug|Any CPU
		{09273213-5764-4188-8D67-B08BC2730996}.Debug|Any CPU.Build.0 = Debug|Any CPU
		{09273213-5764-4188-8D67-B08BC2730996}.Release|Any CPU.ActiveCfg = Release|Any CPU
		{09273213-5764-4188-8D67-B08BC2730996}.Release|Any CPU.Build.0 = Release|Any CPU
	EndGlobalSection
	GlobalSection(SolutionProperties) = preSolution
		HideSolutionNode = FALSE
	EndGlobalSection
	GlobalSection(ExtensibilityGlobals) = postSolution
		SolutionGuid = {8F51843D-2098-41A6-8CDA-1EC0B00B15E2}
	EndGlobalSection
EndGlobal
